
Microsoft Visual Studio Solution File, Format Version 12.00
# Visual Studio Version 16
VisualStudioVersion = 16.0.29326.143
MinimumVisualStudioVersion = 10.0.40219.1
Project("{FAE04EC0-301F-11D3-BF4B-00C04F79EFBC}") = "OpenLab-02.03", "OpenLab-02.03.csproj", "{DA6A601A-701F-43AF-BBA3-662014E5C2BC}"
EndProject
Global
	GlobalSection(SolutionConfigurationPlatforms) = preSolution
		Debug|Any CPU = Debug|Any CPU
		Release|Any CPU = Release|Any CPU
	EndGlobalSection
	GlobalSection(ProjectConfigurationPlatforms) = postSolution
		{DA6A601A-701F-43AF-BBA3-662014E5C2BC}.Debug|Any CPU.ActiveCfg = Debug|Any CPU
		{DA6A601A-701F-43AF-BBA3-662014E5C2BC}.Debug|Any CPU.Build.0 = Debug|Any CPU
		{DA6A601A-701F-43AF-BBA3-662014E5C2BC}.Release|Any CPU.ActiveCfg = Release|Any CPU
		{DA6A601A-701F-43AF-BBA3-662014E5C2BC}.Release|Any CPU.Build.0 = Release|Any CPU
	EndGlobalSection
	GlobalSection(SolutionProperties) = preSolution
		HideSolutionNode = FALSE
	EndGlobalSection
	GlobalSection(ExtensibilityGlobals) = postSolution
		SolutionGuid = {CE293218-59AF-41B3-8D52-9B36BC3A422C}
	EndGlobalSection
EndGlobal
