
Microsoft Visual Studio Solution File, Format Version 12.00
# Visual Studio Version 16
VisualStudioVersion = 16.0.29411.108
MinimumVisualStudioVersion = 10.0.40219.1
Project("{FAE04EC0-301F-11D3-BF4B-00C04F79EFBC}") = "OpenLab-03.01_Object", "OpenLab-03.01_Object\OpenLab-03.01_Object.csproj", "{4D3D685C-25B1-42D9-8913-1A3A7D7B2C2C}"
EndProject
Global
	GlobalSection(SolutionConfigurationPlatforms) = preSolution
		Debug|Any CPU = Debug|Any CPU
		Release|Any CPU = Release|Any CPU
	EndGlobalSection
	GlobalSection(ProjectConfigurationPlatforms) = postSolution
		{4D3D685C-25B1-42D9-8913-1A3A7D7B2C2C}.Debug|Any CPU.ActiveCfg = Debug|Any CPU
		{4D3D685C-25B1-42D9-8913-1A3A7D7B2C2C}.Debug|Any CPU.Build.0 = Debug|Any CPU
		{4D3D685C-25B1-42D9-8913-1A3A7D7B2C2C}.Release|Any CPU.ActiveCfg = Release|Any CPU
		{4D3D685C-25B1-42D9-8913-1A3A7D7B2C2C}.Release|Any CPU.Build.0 = Release|Any CPU
	EndGlobalSection
	GlobalSection(SolutionProperties) = preSolution
		HideSolutionNode = FALSE
	EndGlobalSection
	GlobalSection(ExtensibilityGlobals) = postSolution
		SolutionGuid = {218EAD37-67FA-4C87-AD59-C83552209C75}
	EndGlobalSection
EndGlobal
