
Microsoft Visual Studio Solution File, Format Version 12.00
# Visual Studio Version 16
VisualStudioVersion = 16.0.29326.143
MinimumVisualStudioVersion = 10.0.40219.1
Project("{FAE04EC0-301F-11D3-BF4B-00C04F79EFBC}") = "OpenLab-02.9_Object", "OpenLab-02.9_Object.csproj", "{D1DCB307-C309-4E0F-98D0-D5160D0BDC3F}"
EndProject
Global
	GlobalSection(SolutionConfigurationPlatforms) = preSolution
		Debug|Any CPU = Debug|Any CPU
		Release|Any CPU = Release|Any CPU
	EndGlobalSection
	GlobalSection(ProjectConfigurationPlatforms) = postSolution
		{D1DCB307-C309-4E0F-98D0-D5160D0BDC3F}.Debug|Any CPU.ActiveCfg = Debug|Any CPU
		{D1DCB307-C309-4E0F-98D0-D5160D0BDC3F}.Debug|Any CPU.Build.0 = Debug|Any CPU
		{D1DCB307-C309-4E0F-98D0-D5160D0BDC3F}.Release|Any CPU.ActiveCfg = Release|Any CPU
		{D1DCB307-C309-4E0F-98D0-D5160D0BDC3F}.Release|Any CPU.Build.0 = Release|Any CPU
	EndGlobalSection
	GlobalSection(SolutionProperties) = preSolution
		HideSolutionNode = FALSE
	EndGlobalSection
	GlobalSection(ExtensibilityGlobals) = postSolution
		SolutionGuid = {95E6548B-EEF4-4884-A812-9A6A4A3DB5F9}
	EndGlobalSection
EndGlobal
